// !$*UTF8*$!
{
	archiveVersion = 1;
	classes = {
	};
	objectVersion = 46;
	objects = {

/* Begin PBXBuildFile section */
		1E560C9EB1ED8CF266D321F5 /* Pods_FoodMatesUITests.framework in Frameworks */ = {isa = PBXBuildFile; fileRef = C3C50E3D9D7E0823D45A6B19 /* Pods_FoodMatesUITests.framework */; };
		3D7D08B04486EA06BA312AB8 /* Pods_FoodMatesTests.framework in Frameworks */ = {isa = PBXBuildFile; fileRef = AEF1D6351C3FB7B943758B6B /* Pods_FoodMatesTests.framework */; };
		446391C5AE2EB6A6BF2DBFFE /* Pods_FoodMates.framework in Frameworks */ = {isa = PBXBuildFile; fileRef = 2B4D4EFA42FAEE8E7870E125 /* Pods_FoodMates.framework */; };
		F82CDF4A1EE504C8004DC224 /* AppDelegate.swift in Sources */ = {isa = PBXBuildFile; fileRef = F82CDF491EE504C8004DC224 /* AppDelegate.swift */; };
		F82CDF4C1EE504C8004DC224 /* ViewController.swift in Sources */ = {isa = PBXBuildFile; fileRef = F82CDF4B1EE504C8004DC224 /* ViewController.swift */; };
		F82CDF4F1EE504C8004DC224 /* Main.storyboard in Resources */ = {isa = PBXBuildFile; fileRef = F82CDF4D1EE504C8004DC224 /* Main.storyboard */; };
		F82CDF521EE504C8004DC224 /* FoodMates.xcdatamodeld in Sources */ = {isa = PBXBuildFile; fileRef = F82CDF501EE504C8004DC224 /* FoodMates.xcdatamodeld */; };
		F82CDF541EE504C8004DC224 /* Assets.xcassets in Resources */ = {isa = PBXBuildFile; fileRef = F82CDF531EE504C8004DC224 /* Assets.xcassets */; };
		F82CDF571EE504C8004DC224 /* LaunchScreen.storyboard in Resources */ = {isa = PBXBuildFile; fileRef = F82CDF551EE504C8004DC224 /* LaunchScreen.storyboard */; };
		F82CDF621EE504C8004DC224 /* FoodMatesTests.swift in Sources */ = {isa = PBXBuildFile; fileRef = F82CDF611EE504C8004DC224 /* FoodMatesTests.swift */; };
		F82CDF6D1EE504C8004DC224 /* FoodMatesUITests.swift in Sources */ = {isa = PBXBuildFile; fileRef = F82CDF6C1EE504C8004DC224 /* FoodMatesUITests.swift */; };
		F82CDF7B1EE51512004DC224 /* GoogleService-Info.plist in Resources */ = {isa = PBXBuildFile; fileRef = F82CDF7A1EE51512004DC224 /* GoogleService-Info.plist */; };
/* End PBXBuildFile section */

/* Begin PBXContainerItemProxy section */
		F82CDF5E1EE504C8004DC224 /* PBXContainerItemProxy */ = {
			isa = PBXContainerItemProxy;
			containerPortal = F82CDF3E1EE504C8004DC224 /* Project object */;
			proxyType = 1;
			remoteGlobalIDString = F82CDF451EE504C8004DC224;
			remoteInfo = FoodMates;
		};
		F82CDF691EE504C8004DC224 /* PBXContainerItemProxy */ = {
			isa = PBXContainerItemProxy;
			containerPortal = F82CDF3E1EE504C8004DC224 /* Project object */;
			proxyType = 1;
			remoteGlobalIDString = F82CDF451EE504C8004DC224;
			remoteInfo = FoodMates;
		};
/* End PBXContainerItemProxy section */

/* Begin PBXFileReference section */
		2B4D4EFA42FAEE8E7870E125 /* Pods_FoodMates.framework */ = {isa = PBXFileReference; explicitFileType = wrapper.framework; includeInIndex = 0; path = Pods_FoodMates.framework; sourceTree = BUILT_PRODUCTS_DIR; };
		7AEAB9718156B18686DDF5BC /* Pods-FoodMates.release.xcconfig */ = {isa = PBXFileReference; includeInIndex = 1; lastKnownFileType = text.xcconfig; name = "Pods-FoodMates.release.xcconfig"; path = "Pods/Target Support Files/Pods-FoodMates/Pods-FoodMates.release.xcconfig"; sourceTree = "<group>"; };
		7D68E441C39BA86B1711C6B6 /* Pods-FoodMatesTests.debug.xcconfig */ = {isa = PBXFileReference; includeInIndex = 1; lastKnownFileType = text.xcconfig; name = "Pods-FoodMatesTests.debug.xcconfig"; path = "Pods/Target Support Files/Pods-FoodMatesTests/Pods-FoodMatesTests.debug.xcconfig"; sourceTree = "<group>"; };
		93A4EE33C495A196B6E21845 /* Pods-FoodMatesUITests.release.xcconfig */ = {isa = PBXFileReference; includeInIndex = 1; lastKnownFileType = text.xcconfig; name = "Pods-FoodMatesUITests.release.xcconfig"; path = "Pods/Target Support Files/Pods-FoodMatesUITests/Pods-FoodMatesUITests.release.xcconfig"; sourceTree = "<group>"; };
		A0F432923804F6DEFE775831 /* Pods-FoodMates.debug.xcconfig */ = {isa = PBXFileReference; includeInIndex = 1; lastKnownFileType = text.xcconfig; name = "Pods-FoodMates.debug.xcconfig"; path = "Pods/Target Support Files/Pods-FoodMates/Pods-FoodMates.debug.xcconfig"; sourceTree = "<group>"; };
		A33470AFE335E5A67EF6C117 /* Pods-FoodMatesUITests.debug.xcconfig */ = {isa = PBXFileReference; includeInIndex = 1; lastKnownFileType = text.xcconfig; name = "Pods-FoodMatesUITests.debug.xcconfig"; path = "Pods/Target Support Files/Pods-FoodMatesUITests/Pods-FoodMatesUITests.debug.xcconfig"; sourceTree = "<group>"; };
		AEF1D6351C3FB7B943758B6B /* Pods_FoodMatesTests.framework */ = {isa = PBXFileReference; explicitFileType = wrapper.framework; includeInIndex = 0; path = Pods_FoodMatesTests.framework; sourceTree = BUILT_PRODUCTS_DIR; };
		C3C50E3D9D7E0823D45A6B19 /* Pods_FoodMatesUITests.framework */ = {isa = PBXFileReference; explicitFileType = wrapper.framework; includeInIndex = 0; path = Pods_FoodMatesUITests.framework; sourceTree = BUILT_PRODUCTS_DIR; };
		F82CDF461EE504C8004DC224 /* FoodMates.app */ = {isa = PBXFileReference; explicitFileType = wrapper.application; includeInIndex = 0; path = FoodMates.app; sourceTree = BUILT_PRODUCTS_DIR; };
		F82CDF491EE504C8004DC224 /* AppDelegate.swift */ = {isa = PBXFileReference; lastKnownFileType = sourcecode.swift; path = AppDelegate.swift; sourceTree = "<group>"; };
		F82CDF4B1EE504C8004DC224 /* ViewController.swift */ = {isa = PBXFileReference; lastKnownFileType = sourcecode.swift; path = ViewController.swift; sourceTree = "<group>"; };
		F82CDF4E1EE504C8004DC224 /* Base */ = {isa = PBXFileReference; lastKnownFileType = file.storyboard; name = Base; path = Base.lproj/Main.storyboard; sourceTree = "<group>"; };
		F82CDF511EE504C8004DC224 /* FoodMates.xcdatamodel */ = {isa = PBXFileReference; lastKnownFileType = wrapper.xcdatamodel; path = FoodMates.xcdatamodel; sourceTree = "<group>"; };
		F82CDF531EE504C8004DC224 /* Assets.xcassets */ = {isa = PBXFileReference; lastKnownFileType = folder.assetcatalog; path = Assets.xcassets; sourceTree = "<group>"; };
		F82CDF561EE504C8004DC224 /* Base */ = {isa = PBXFileReference; lastKnownFileType = file.storyboard; name = Base; path = Base.lproj/LaunchScreen.storyboard; sourceTree = "<group>"; };
		F82CDF581EE504C8004DC224 /* Info.plist */ = {isa = PBXFileReference; lastKnownFileType = text.plist.xml; path = Info.plist; sourceTree = "<group>"; };
		F82CDF5D1EE504C8004DC224 /* FoodMatesTests.xctest */ = {isa = PBXFileReference; explicitFileType = wrapper.cfbundle; includeInIndex = 0; path = FoodMatesTests.xctest; sourceTree = BUILT_PRODUCTS_DIR; };
		F82CDF611EE504C8004DC224 /* FoodMatesTests.swift */ = {isa = PBXFileReference; lastKnownFileType = sourcecode.swift; path = FoodMatesTests.swift; sourceTree = "<group>"; };
		F82CDF631EE504C8004DC224 /* Info.plist */ = {isa = PBXFileReference; lastKnownFileType = text.plist.xml; path = Info.plist; sourceTree = "<group>"; };
		F82CDF681EE504C8004DC224 /* FoodMatesUITests.xctest */ = {isa = PBXFileReference; explicitFileType = wrapper.cfbundle; includeInIndex = 0; path = FoodMatesUITests.xctest; sourceTree = BUILT_PRODUCTS_DIR; };
		F82CDF6C1EE504C8004DC224 /* FoodMatesUITests.swift */ = {isa = PBXFileReference; lastKnownFileType = sourcecode.swift; path = FoodMatesUITests.swift; sourceTree = "<group>"; };
		F82CDF6E1EE504C9004DC224 /* Info.plist */ = {isa = PBXFileReference; lastKnownFileType = text.plist.xml; path = Info.plist; sourceTree = "<group>"; };
		F82CDF7A1EE51512004DC224 /* GoogleService-Info.plist */ = {isa = PBXFileReference; fileEncoding = 4; lastKnownFileType = text.plist.xml; path = "GoogleService-Info.plist"; sourceTree = "<group>"; };
		F910B2F2326105604CBFA947 /* Pods-FoodMatesTests.release.xcconfig */ = {isa = PBXFileReference; includeInIndex = 1; lastKnownFileType = text.xcconfig; name = "Pods-FoodMatesTests.release.xcconfig"; path = "Pods/Target Support Files/Pods-FoodMatesTests/Pods-FoodMatesTests.release.xcconfig"; sourceTree = "<group>"; };
/* End PBXFileReference section */

/* Begin PBXFrameworksBuildPhase section */
		F82CDF431EE504C8004DC224 /* Frameworks */ = {
			isa = PBXFrameworksBuildPhase;
			buildActionMask = 2147483647;
			files = (
				446391C5AE2EB6A6BF2DBFFE /* Pods_FoodMates.framework in Frameworks */,
			);
			runOnlyForDeploymentPostprocessing = 0;
		};
		F82CDF5A1EE504C8004DC224 /* Frameworks */ = {
			isa = PBXFrameworksBuildPhase;
			buildActionMask = 2147483647;
			files = (
				3D7D08B04486EA06BA312AB8 /* Pods_FoodMatesTests.framework in Frameworks */,
			);
			runOnlyForDeploymentPostprocessing = 0;
		};
		F82CDF651EE504C8004DC224 /* Frameworks */ = {
			isa = PBXFrameworksBuildPhase;
			buildActionMask = 2147483647;
			files = (
				1E560C9EB1ED8CF266D321F5 /* Pods_FoodMatesUITests.framework in Frameworks */,
			);
			runOnlyForDeploymentPostprocessing = 0;
		};
/* End PBXFrameworksBuildPhase section */

/* Begin PBXGroup section */
		B5C5EE7763604F86DE7F208E /* Frameworks */ = {
			isa = PBXGroup;
			children = (
				2B4D4EFA42FAEE8E7870E125 /* Pods_FoodMates.framework */,
				AEF1D6351C3FB7B943758B6B /* Pods_FoodMatesTests.framework */,
				C3C50E3D9D7E0823D45A6B19 /* Pods_FoodMatesUITests.framework */,
			);
			name = Frameworks;
			sourceTree = "<group>";
		};
		F1DBB3D0608E0A5D8A5CA199 /* Pods */ = {
			isa = PBXGroup;
			children = (
				A0F432923804F6DEFE775831 /* Pods-FoodMates.debug.xcconfig */,
				7AEAB9718156B18686DDF5BC /* Pods-FoodMates.release.xcconfig */,
				7D68E441C39BA86B1711C6B6 /* Pods-FoodMatesTests.debug.xcconfig */,
				F910B2F2326105604CBFA947 /* Pods-FoodMatesTests.release.xcconfig */,
				A33470AFE335E5A67EF6C117 /* Pods-FoodMatesUITests.debug.xcconfig */,
				93A4EE33C495A196B6E21845 /* Pods-FoodMatesUITests.release.xcconfig */,
			);
			name = Pods;
			sourceTree = "<group>";
		};
		F82CDF3D1EE504C8004DC224 = {
			isa = PBXGroup;
			children = (
				F82CDF481EE504C8004DC224 /* FoodMates */,
				F82CDF601EE504C8004DC224 /* FoodMatesTests */,
				F82CDF6B1EE504C8004DC224 /* FoodMatesUITests */,
				F82CDF471EE504C8004DC224 /* Products */,
				F1DBB3D0608E0A5D8A5CA199 /* Pods */,
				B5C5EE7763604F86DE7F208E /* Frameworks */,
			);
			sourceTree = "<group>";
		};
		F82CDF471EE504C8004DC224 /* Products */ = {
			isa = PBXGroup;
			children = (
				F82CDF461EE504C8004DC224 /* FoodMates.app */,
				F82CDF5D1EE504C8004DC224 /* FoodMatesTests.xctest */,
				F82CDF681EE504C8004DC224 /* FoodMatesUITests.xctest */,
			);
			name = Products;
			sourceTree = "<group>";
		};
		F82CDF481EE504C8004DC224 /* FoodMates */ = {
			isa = PBXGroup;
			children = (
				F82CDF491EE504C8004DC224 /* AppDelegate.swift */,
				F82CDF4B1EE504C8004DC224 /* ViewController.swift */,
				F82CDF4D1EE504C8004DC224 /* Main.storyboard */,
				F82CDF531EE504C8004DC224 /* Assets.xcassets */,
				F82CDF551EE504C8004DC224 /* LaunchScreen.storyboard */,
				F82CDF581EE504C8004DC224 /* Info.plist */,
				F82CDF7A1EE51512004DC224 /* GoogleService-Info.plist */,
				F82CDF501EE504C8004DC224 /* FoodMates.xcdatamodeld */,
			);
			path = FoodMates;
			sourceTree = "<group>";
		};
		F82CDF601EE504C8004DC224 /* FoodMatesTests */ = {
			isa = PBXGroup;
			children = (
				F82CDF611EE504C8004DC224 /* FoodMatesTests.swift */,
				F82CDF631EE504C8004DC224 /* Info.plist */,
			);
			path = FoodMatesTests;
			sourceTree = "<group>";
		};
		F82CDF6B1EE504C8004DC224 /* FoodMatesUITests */ = {
			isa = PBXGroup;
			children = (
				F82CDF6C1EE504C8004DC224 /* FoodMatesUITests.swift */,
				F82CDF6E1EE504C9004DC224 /* Info.plist */,
			);
			path = FoodMatesUITests;
			sourceTree = "<group>";
		};
/* End PBXGroup section */

/* Begin PBXNativeTarget section */
		F82CDF451EE504C8004DC224 /* FoodMates */ = {
			isa = PBXNativeTarget;
			buildConfigurationList = F82CDF711EE504C9004DC224 /* Build configuration list for PBXNativeTarget "FoodMates" */;
			buildPhases = (
				980A40676053981CAF38F297 /* [CP] Check Pods Manifest.lock */,
				F82CDF421EE504C8004DC224 /* Sources */,
				F82CDF431EE504C8004DC224 /* Frameworks */,
				F82CDF441EE504C8004DC224 /* Resources */,
				98A5F2132F9D312D89B9B72A /* [CP] Embed Pods Frameworks */,
				197EEE874CE2B33879CC1A82 /* [CP] Copy Pods Resources */,
			);
			buildRules = (
			);
			dependencies = (
			);
			name = FoodMates;
			productName = FoodMates;
			productReference = F82CDF461EE504C8004DC224 /* FoodMates.app */;
			productType = "com.apple.product-type.application";
		};
		F82CDF5C1EE504C8004DC224 /* FoodMatesTests */ = {
			isa = PBXNativeTarget;
			buildConfigurationList = F82CDF741EE504C9004DC224 /* Build configuration list for PBXNativeTarget "FoodMatesTests" */;
			buildPhases = (
				3A1ABA2492410D6945088C08 /* [CP] Check Pods Manifest.lock */,
				F82CDF591EE504C8004DC224 /* Sources */,
				F82CDF5A1EE504C8004DC224 /* Frameworks */,
				F82CDF5B1EE504C8004DC224 /* Resources */,
				EDB24D03BFFD697066A012A8 /* [CP] Embed Pods Frameworks */,
				7499BDE9C4717C2BF10C5036 /* [CP] Copy Pods Resources */,
			);
			buildRules = (
			);
			dependencies = (
				F82CDF5F1EE504C8004DC224 /* PBXTargetDependency */,
			);
			name = FoodMatesTests;
			productName = FoodMatesTests;
			productReference = F82CDF5D1EE504C8004DC224 /* FoodMatesTests.xctest */;
			productType = "com.apple.product-type.bundle.unit-test";
		};
		F82CDF671EE504C8004DC224 /* FoodMatesUITests */ = {
			isa = PBXNativeTarget;
			buildConfigurationList = F82CDF771EE504C9004DC224 /* Build configuration list for PBXNativeTarget "FoodMatesUITests" */;
			buildPhases = (
				302D38C00F9300E1E6493C69 /* [CP] Check Pods Manifest.lock */,
				F82CDF641EE504C8004DC224 /* Sources */,
				F82CDF651EE504C8004DC224 /* Frameworks */,
				F82CDF661EE504C8004DC224 /* Resources */,
				E86979B82F2091F457C6DE53 /* [CP] Embed Pods Frameworks */,
				7EF1308CF9C4E8434837BB3B /* [CP] Copy Pods Resources */,
			);
			buildRules = (
			);
			dependencies = (
				F82CDF6A1EE504C8004DC224 /* PBXTargetDependency */,
			);
			name = FoodMatesUITests;
			productName = FoodMatesUITests;
			productReference = F82CDF681EE504C8004DC224 /* FoodMatesUITests.xctest */;
			productType = "com.apple.product-type.bundle.ui-testing";
		};
/* End PBXNativeTarget section */

/* Begin PBXProject section */
		F82CDF3E1EE504C8004DC224 /* Project object */ = {
			isa = PBXProject;
			attributes = {
				LastSwiftUpdateCheck = 0830;
				LastUpgradeCheck = 0830;
				ORGANIZATIONNAME = "Priyanka Gopakumar";
				TargetAttributes = {
					F82CDF451EE504C8004DC224 = {
						CreatedOnToolsVersion = 8.3.2;
						ProvisioningStyle = Automatic;
					};
					F82CDF5C1EE504C8004DC224 = {
						CreatedOnToolsVersion = 8.3.2;
						ProvisioningStyle = Automatic;
						TestTargetID = F82CDF451EE504C8004DC224;
					};
					F82CDF671EE504C8004DC224 = {
						CreatedOnToolsVersion = 8.3.2;
						ProvisioningStyle = Automatic;
						TestTargetID = F82CDF451EE504C8004DC224;
					};
				};
			};
			buildConfigurationList = F82CDF411EE504C8004DC224 /* Build configuration list for PBXProject "FoodMates" */;
			compatibilityVersion = "Xcode 3.2";
			developmentRegion = English;
			hasScannedForEncodings = 0;
			knownRegions = (
				en,
				Base,
			);
			mainGroup = F82CDF3D1EE504C8004DC224;
			productRefGroup = F82CDF471EE504C8004DC224 /* Products */;
			projectDirPath = "";
			projectRoot = "";
			targets = (
				F82CDF451EE504C8004DC224 /* FoodMates */,
				F82CDF5C1EE504C8004DC224 /* FoodMatesTests */,
				F82CDF671EE504C8004DC224 /* FoodMatesUITests */,
			);
		};
/* End PBXProject section */

/* Begin PBXResourcesBuildPhase section */
		F82CDF441EE504C8004DC224 /* Resources */ = {
			isa = PBXResourcesBuildPhase;
			buildActionMask = 2147483647;
			files = (
				F82CDF571EE504C8004DC224 /* LaunchScreen.storyboard in Resources */,
				F82CDF7B1EE51512004DC224 /* GoogleService-Info.plist in Resources */,
				F82CDF541EE504C8004DC224 /* Assets.xcassets in Resources */,
				F82CDF4F1EE504C8004DC224 /* Main.storyboard in Resources */,
			);
			runOnlyForDeploymentPostprocessing = 0;
		};
		F82CDF5B1EE504C8004DC224 /* Resources */ = {
			isa = PBXResourcesBuildPhase;
			buildActionMask = 2147483647;
			files = (
			);
			runOnlyForDeploymentPostprocessing = 0;
		};
		F82CDF661EE504C8004DC224 /* Resources */ = {
			isa = PBXResourcesBuildPhase;
			buildActionMask = 2147483647;
			files = (
			);
			runOnlyForDeploymentPostprocessing = 0;
		};
/* End PBXResourcesBuildPhase section */

/* Begin PBXShellScriptBuildPhase section */
		197EEE874CE2B33879CC1A82 /* [CP] Copy Pods Resources */ = {
			isa = PBXShellScriptBuildPhase;
			buildActionMask = 2147483647;
			files = (
			);
			inputPaths = (
			);
			name = "[CP] Copy Pods Resources";
			outputPaths = (
			);
			runOnlyForDeploymentPostprocessing = 0;
			shellPath = /bin/sh;
			shellScript = "\"${SRCROOT}/Pods/Target Support Files/Pods-FoodMates/Pods-FoodMates-resources.sh\"\n";
			showEnvVarsInLog = 0;
		};
		302D38C00F9300E1E6493C69 /* [CP] Check Pods Manifest.lock */ = {
			isa = PBXShellScriptBuildPhase;
			buildActionMask = 2147483647;
			files = (
			);
			inputPaths = (
			);
			name = "[CP] Check Pods Manifest.lock";
			outputPaths = (
			);
			runOnlyForDeploymentPostprocessing = 0;
			shellPath = /bin/sh;
			shellScript = "diff \"${PODS_ROOT}/../Podfile.lock\" \"${PODS_ROOT}/Manifest.lock\" > /dev/null\nif [ $? != 0 ] ; then\n    # print error to STDERR\n    echo \"error: The sandbox is not in sync with the Podfile.lock. Run 'pod install' or update your CocoaPods installation.\" >&2\n    exit 1\nfi\n";
			showEnvVarsInLog = 0;
		};
		3A1ABA2492410D6945088C08 /* [CP] Check Pods Manifest.lock */ = {
			isa = PBXShellScriptBuildPhase;
			buildActionMask = 2147483647;
			files = (
			);
			inputPaths = (
			);
			name = "[CP] Check Pods Manifest.lock";
			outputPaths = (
			);
			runOnlyForDeploymentPostprocessing = 0;
			shellPath = /bin/sh;
			shellScript = "diff \"${PODS_ROOT}/../Podfile.lock\" \"${PODS_ROOT}/Manifest.lock\" > /dev/null\nif [ $? != 0 ] ; then\n    # print error to STDERR\n    echo \"error: The sandbox is not in sync with the Podfile.lock. Run 'pod install' or update your CocoaPods installation.\" >&2\n    exit 1\nfi\n";
			showEnvVarsInLog = 0;
		};
		7499BDE9C4717C2BF10C5036 /* [CP] Copy Pods Resources */ = {
			isa = PBXShellScriptBuildPhase;
			buildActionMask = 2147483647;
			files = (
			);
			inputPaths = (
			);
			name = "[CP] Copy Pods Resources";
			outputPaths = (
			);
			runOnlyForDeploymentPostprocessing = 0;
			shellPath = /bin/sh;
			shellScript = "\"${SRCROOT}/Pods/Target Support Files/Pods-FoodMatesTests/Pods-FoodMatesTests-resources.sh\"\n";
			showEnvVarsInLog = 0;
		};
		7EF1308CF9C4E8434837BB3B /* [CP] Copy Pods Resources */ = {
			isa = PBXShellScriptBuildPhase;
			buildActionMask = 2147483647;
			files = (
			);
			inputPaths = (
			);
			name = "[CP] Copy Pods Resources";
			outputPaths = (
			);
			runOnlyForDeploymentPostprocessing = 0;
			shellPath = /bin/sh;
			shellScript = "\"${SRCROOT}/Pods/Target Support Files/Pods-FoodMatesUITests/Pods-FoodMatesUITests-resources.sh\"\n";
			showEnvVarsInLog = 0;
		};
		980A40676053981CAF38F297 /* [CP] Check Pods Manifest.lock */ = {
			isa = PBXShellScriptBuildPhase;
			buildActionMask = 2147483647;
			files = (
			);
			inputPaths = (
			);
			name = "[CP] Check Pods Manifest.lock";
			outputPaths = (
			);
			runOnlyForDeploymentPostprocessing = 0;
			shellPath = /bin/sh;
			shellScript = "diff \"${PODS_ROOT}/../Podfile.lock\" \"${PODS_ROOT}/Manifest.lock\" > /dev/null\nif [ $? != 0 ] ; then\n    # print error to STDERR\n    echo \"error: The sandbox is not in sync with the Podfile.lock. Run 'pod install' or update your CocoaPods installation.\" >&2\n    exit 1\nfi\n";
			showEnvVarsInLog = 0;
		};
		98A5F2132F9D312D89B9B72A /* [CP] Embed Pods Frameworks */ = {
			isa = PBXShellScriptBuildPhase;
			buildActionMask = 2147483647;
			files = (
			);
			inputPaths = (
			);
			name = "[CP] Embed Pods Frameworks";
			outputPaths = (
			);
			runOnlyForDeploymentPostprocessing = 0;
			shellPath = /bin/sh;
			shellScript = "\"${SRCROOT}/Pods/Target Support Files/Pods-FoodMates/Pods-FoodMates-frameworks.sh\"\n";
			showEnvVarsInLog = 0;
		};
		E86979B82F2091F457C6DE53 /* [CP] Embed Pods Frameworks */ = {
			isa = PBXShellScriptBuildPhase;
			buildActionMask = 2147483647;
			files = (
			);
			inputPaths = (
			);
			name = "[CP] Embed Pods Frameworks";
			outputPaths = (
			);
			runOnlyForDeploymentPostprocessing = 0;
			shellPath = /bin/sh;
			shellScript = "\"${SRCROOT}/Pods/Target Support Files/Pods-FoodMatesUITests/Pods-FoodMatesUITests-frameworks.sh\"\n";
			showEnvVarsInLog = 0;
		};
		EDB24D03BFFD697066A012A8 /* [CP] Embed Pods Frameworks */ = {
			isa = PBXShellScriptBuildPhase;
			buildActionMask = 2147483647;
			files = (
			);
			inputPaths = (
			);
			name = "[CP] Embed Pods Frameworks";
			outputPaths = (
			);
			runOnlyForDeploymentPostprocessing = 0;
			shellPath = /bin/sh;
			shellScript = "\"${SRCROOT}/Pods/Target Support Files/Pods-FoodMatesTests/Pods-FoodMatesTests-frameworks.sh\"\n";
			showEnvVarsInLog = 0;
		};
/* End PBXShellScriptBuildPhase section */

/* Begin PBXSourcesBuildPhase section */
		F82CDF421EE504C8004DC224 /* Sources */ = {
			isa = PBXSourcesBuildPhase;
			buildActionMask = 2147483647;
			files = (
				F82CDF521EE504C8004DC224 /* FoodMates.xcdatamodeld in Sources */,
				F82CDF4C1EE504C8004DC224 /* ViewController.swift in Sources */,
				F82CDF4A1EE504C8004DC224 /* AppDelegate.swift in Sources */,
			);
			runOnlyForDeploymentPostprocessing = 0;
		};
		F82CDF591EE504C8004DC224 /* Sources */ = {
			isa = PBXSourcesBuildPhase;
			buildActionMask = 2147483647;
			files = (
				F82CDF621EE504C8004DC224 /* FoodMatesTests.swift in Sources */,
			);
			runOnlyForDeploymentPostprocessing = 0;
		};
		F82CDF641EE504C8004DC224 /* Sources */ = {
			isa = PBXSourcesBuildPhase;
			buildActionMask = 2147483647;
			files = (
				F82CDF6D1EE504C8004DC224 /* FoodMatesUITests.swift in Sources */,
			);
			runOnlyForDeploymentPostprocessing = 0;
		};
/* End PBXSourcesBuildPhase section */

/* Begin PBXTargetDependency section */
		F82CDF5F1EE504C8004DC224 /* PBXTargetDependency */ = {
			isa = PBXTargetDependency;
			target = F82CDF451EE504C8004DC224 /* FoodMates */;
			targetProxy = F82CDF5E1EE504C8004DC224 /* PBXContainerItemProxy */;
		};
		F82CDF6A1EE504C8004DC224 /* PBXTargetDependency */ = {
			isa = PBXTargetDependency;
			target = F82CDF451EE504C8004DC224 /* FoodMates */;
			targetProxy = F82CDF691EE504C8004DC224 /* PBXContainerItemProxy */;
		};
/* End PBXTargetDependency section */

/* Begin PBXVariantGroup section */
		F82CDF4D1EE504C8004DC224 /* Main.storyboard */ = {
			isa = PBXVariantGroup;
			children = (
				F82CDF4E1EE504C8004DC224 /* Base */,
			);
			name = Main.storyboard;
			sourceTree = "<group>";
		};
		F82CDF551EE504C8004DC224 /* LaunchScreen.storyboard */ = {
			isa = PBXVariantGroup;
			children = (
				F82CDF561EE504C8004DC224 /* Base */,
			);
			name = LaunchScreen.storyboard;
			sourceTree = "<group>";
		};
/* End PBXVariantGroup section */

/* Begin XCBuildConfiguration section */
		F82CDF6F1EE504C9004DC224 /* Debug */ = {
			isa = XCBuildConfiguration;
			buildSettings = {
				ALWAYS_SEARCH_USER_PATHS = NO;
				CLANG_ANALYZER_NONNULL = YES;
				CLANG_ANALYZER_NUMBER_OBJECT_CONVERSION = YES_AGGRESSIVE;
				CLANG_CXX_LANGUAGE_STANDARD = "gnu++0x";
				CLANG_CXX_LIBRARY = "libc++";
				CLANG_ENABLE_MODULES = YES;
				CLANG_ENABLE_OBJC_ARC = YES;
				CLANG_WARN_BOOL_CONVERSION = YES;
				CLANG_WARN_CONSTANT_CONVERSION = YES;
				CLANG_WARN_DIRECT_OBJC_ISA_USAGE = YES_ERROR;
				CLANG_WARN_DOCUMENTATION_COMMENTS = YES;
				CLANG_WARN_EMPTY_BODY = YES;
				CLANG_WARN_ENUM_CONVERSION = YES;
				CLANG_WARN_INFINITE_RECURSION = YES;
				CLANG_WARN_INT_CONVERSION = YES;
				CLANG_WARN_OBJC_ROOT_CLASS = YES_ERROR;
				CLANG_WARN_SUSPICIOUS_MOVE = YES;
				CLANG_WARN_UNREACHABLE_CODE = YES;
				CLANG_WARN__DUPLICATE_METHOD_MATCH = YES;
				"CODE_SIGN_IDENTITY[sdk=iphoneos*]" = "iPhone Developer";
				COPY_PHASE_STRIP = NO;
				DEBUG_INFORMATION_FORMAT = dwarf;
				ENABLE_STRICT_OBJC_MSGSEND = YES;
				ENABLE_TESTABILITY = YES;
				GCC_C_LANGUAGE_STANDARD = gnu99;
				GCC_DYNAMIC_NO_PIC = NO;
				GCC_NO_COMMON_BLOCKS = YES;
				GCC_OPTIMIZATION_LEVEL = 0;
				GCC_PREPROCESSOR_DEFINITIONS = (
					"DEBUG=1",
					"$(inherited)",
				);
				GCC_WARN_64_TO_32_BIT_CONVERSION = YES;
				GCC_WARN_ABOUT_RETURN_TYPE = YES_ERROR;
				GCC_WARN_UNDECLARED_SELECTOR = YES;
				GCC_WARN_UNINITIALIZED_AUTOS = YES_AGGRESSIVE;
				GCC_WARN_UNUSED_FUNCTION = YES;
				GCC_WARN_UNUSED_VARIABLE = YES;
				IPHONEOS_DEPLOYMENT_TARGET = 10.3;
				MTL_ENABLE_DEBUG_INFO = YES;
				ONLY_ACTIVE_ARCH = YES;
				SDKROOT = iphoneos;
				SWIFT_ACTIVE_COMPILATION_CONDITIONS = DEBUG;
				SWIFT_OPTIMIZATION_LEVEL = "-Onone";
				TARGETED_DEVICE_FAMILY = "1,2";
			};
			name = Debug;
		};
		F82CDF701EE504C9004DC224 /* Release */ = {
			isa = XCBuildConfiguration;
			buildSettings = {
				ALWAYS_SEARCH_USER_PATHS = NO;
				CLANG_ANALYZER_NONNULL = YES;
				CLANG_ANALYZER_NUMBER_OBJECT_CONVERSION = YES_AGGRESSIVE;
				CLANG_CXX_LANGUAGE_STANDARD = "gnu++0x";
				CLANG_CXX_LIBRARY = "libc++";
				CLANG_ENABLE_MODULES = YES;
				CLANG_ENABLE_OBJC_ARC = YES;
				CLANG_WARN_BOOL_CONVERSION = YES;
				CLANG_WARN_CONSTANT_CONVERSION = YES;
				CLANG_WARN_DIRECT_OBJC_ISA_USAGE = YES_ERROR;
				CLANG_WARN_DOCUMENTATION_COMMENTS = YES;
				CLANG_WARN_EMPTY_BODY = YES;
				CLANG_WARN_ENUM_CONVERSION = YES;
				CLANG_WARN_INFINITE_RECURSION = YES;
				CLANG_WARN_INT_CONVERSION = YES;
				CLANG_WARN_OBJC_ROOT_CLASS = YES_ERROR;
				CLANG_WARN_SUSPICIOUS_MOVE = YES;
				CLANG_WARN_UNREACHABLE_CODE = YES;
				CLANG_WARN__DUPLICATE_METHOD_MATCH = YES;
				"CODE_SIGN_IDENTITY[sdk=iphoneos*]" = "iPhone Developer";
				COPY_PHASE_STRIP = NO;
				DEBUG_INFORMATION_FORMAT = "dwarf-with-dsym";
				ENABLE_NS_ASSERTIONS = NO;
				ENABLE_STRICT_OBJC_MSGSEND = YES;
				GCC_C_LANGUAGE_STANDARD = gnu99;
				GCC_NO_COMMON_BLOCKS = YES;
				GCC_WARN_64_TO_32_BIT_CONVERSION = YES;
				GCC_WARN_ABOUT_RETURN_TYPE = YES_ERROR;
				GCC_WARN_UNDECLARED_SELECTOR = YES;
				GCC_WARN_UNINITIALIZED_AUTOS = YES_AGGRESSIVE;
				GCC_WARN_UNUSED_FUNCTION = YES;
				GCC_WARN_UNUSED_VARIABLE = YES;
				IPHONEOS_DEPLOYMENT_TARGET = 10.3;
				MTL_ENABLE_DEBUG_INFO = NO;
				SDKROOT = iphoneos;
				SWIFT_OPTIMIZATION_LEVEL = "-Owholemodule";
				TARGETED_DEVICE_FAMILY = "1,2";
				VALIDATE_PRODUCT = YES;
			};
			name = Release;
		};
		F82CDF721EE504C9004DC224 /* Debug */ = {
			isa = XCBuildConfiguration;
			baseConfigurationReference = A0F432923804F6DEFE775831 /* Pods-FoodMates.debug.xcconfig */;
			buildSettings = {
				ASSETCATALOG_COMPILER_APPICON_NAME = AppIcon;
				INFOPLIST_FILE = FoodMates/Info.plist;
				LD_RUNPATH_SEARCH_PATHS = "$(inherited) @executable_path/Frameworks";
				PRODUCT_BUNDLE_IDENTIFIER = pgop6.FoodMates;
				PRODUCT_NAME = "$(TARGET_NAME)";
				SWIFT_VERSION = 3.0;
			};
			name = Debug;
		};
		F82CDF731EE504C9004DC224 /* Release */ = {
			isa = XCBuildConfiguration;
			baseConfigurationReference = 7AEAB9718156B18686DDF5BC /* Pods-FoodMates.release.xcconfig */;
			buildSettings = {
				ASSETCATALOG_COMPILER_APPICON_NAME = AppIcon;
				INFOPLIST_FILE = FoodMates/Info.plist;
				LD_RUNPATH_SEARCH_PATHS = "$(inherited) @executable_path/Frameworks";
				PRODUCT_BUNDLE_IDENTIFIER = pgop6.FoodMates;
				PRODUCT_NAME = "$(TARGET_NAME)";
				SWIFT_VERSION = 3.0;
			};
			name = Release;
		};
		F82CDF751EE504C9004DC224 /* Debug */ = {
			isa = XCBuildConfiguration;
			baseConfigurationReference = 7D68E441C39BA86B1711C6B6 /* Pods-FoodMatesTests.debug.xcconfig */;
			buildSettings = {
				ALWAYS_EMBED_SWIFT_STANDARD_LIBRARIES = YES;
				BUNDLE_LOADER = "$(TEST_HOST)";
				INFOPLIST_FILE = FoodMatesTests/Info.plist;
				LD_RUNPATH_SEARCH_PATHS = "$(inherited) @executable_path/Frameworks @loader_path/Frameworks";
				PRODUCT_BUNDLE_IDENTIFIER = pgop6.FoodMatesTests;
				PRODUCT_NAME = "$(TARGET_NAME)";
				SWIFT_VERSION = 3.0;
				TEST_HOST = "$(BUILT_PRODUCTS_DIR)/FoodMates.app/FoodMates";
			};
			name = Debug;
		};
		F82CDF761EE504C9004DC224 /* Release */ = {
			isa = XCBuildConfiguration;
			baseConfigurationReference = F910B2F2326105604CBFA947 /* Pods-FoodMatesTests.release.xcconfig */;
			buildSettings = {
				ALWAYS_EMBED_SWIFT_STANDARD_LIBRARIES = YES;
				BUNDLE_LOADER = "$(TEST_HOST)";
				INFOPLIST_FILE = FoodMatesTests/Info.plist;
				LD_RUNPATH_SEARCH_PATHS = "$(inherited) @executable_path/Frameworks @loader_path/Frameworks";
				PRODUCT_BUNDLE_IDENTIFIER = pgop6.FoodMatesTests;
				PRODUCT_NAME = "$(TARGET_NAME)";
				SWIFT_VERSION = 3.0;
				TEST_HOST = "$(BUILT_PRODUCTS_DIR)/FoodMates.app/FoodMates";
			};
			name = Release;
		};
		F82CDF781EE504C9004DC224 /* Debug */ = {
			isa = XCBuildConfiguration;
			baseConfigurationReference = A33470AFE335E5A67EF6C117 /* Pods-FoodMatesUITests.debug.xcconfig */;
			buildSettings = {
				ALWAYS_EMBED_SWIFT_STANDARD_LIBRARIES = YES;
				INFOPLIST_FILE = FoodMatesUITests/Info.plist;
				LD_RUNPATH_SEARCH_PATHS = "$(inherited) @executable_path/Frameworks @loader_path/Frameworks";
				PRODUCT_BUNDLE_IDENTIFIER = pgop6.FoodMatesUITests;
				PRODUCT_NAME = "$(TARGET_NAME)";
				SWIFT_VERSION = 3.0;
				TEST_TARGET_NAME = FoodMates;
			};
			name = Debug;
		};
		F82CDF791EE504C9004DC224 /* Release */ = {
			isa = XCBuildConfiguration;
			baseConfigurationReference = 93A4EE33C495A196B6E21845 /* Pods-FoodMatesUITests.release.xcconfig */;
			buildSettings = {
				ALWAYS_EMBED_SWIFT_STANDARD_LIBRARIES = YES;
				INFOPLIST_FILE = FoodMatesUITests/Info.plist;
				LD_RUNPATH_SEARCH_PATHS = "$(inherited) @executable_path/Frameworks @loader_path/Frameworks";
				PRODUCT_BUNDLE_IDENTIFIER = pgop6.FoodMatesUITests;
				PRODUCT_NAME = "$(TARGET_NAME)";
				SWIFT_VERSION = 3.0;
				TEST_TARGET_NAME = FoodMates;
			};
			name = Release;
		};
/* End XCBuildConfiguration section */

/* Begin XCConfigurationList section */
		F82CDF411EE504C8004DC224 /* Build configuration list for PBXProject "FoodMates" */ = {
			isa = XCConfigurationList;
			buildConfigurations = (
				F82CDF6F1EE504C9004DC224 /* Debug */,
				F82CDF701EE504C9004DC224 /* Release */,
			);
			defaultConfigurationIsVisible = 0;
			defaultConfigurationName = Release;
		};
		F82CDF711EE504C9004DC224 /* Build configuration list for PBXNativeTarget "FoodMates" */ = {
			isa = XCConfigurationList;
			buildConfigurations = (
				F82CDF721EE504C9004DC224 /* Debug */,
				F82CDF731EE504C9004DC224 /* Release */,
			);
			defaultConfigurationIsVisible = 0;
			defaultConfigurationName = Release;
		};
		F82CDF741EE504C9004DC224 /* Build configuration list for PBXNativeTarget "FoodMatesTests" */ = {
			isa = XCConfigurationList;
			buildConfigurations = (
				F82CDF751EE504C9004DC224 /* Debug */,
				F82CDF761EE504C9004DC224 /* Release */,
			);
			defaultConfigurationIsVisible = 0;
			defaultConfigurationName = Release;
		};
		F82CDF771EE504C9004DC224 /* Build configuration list for PBXNativeTarget "FoodMatesUITests" */ = {
			isa = XCConfigurationList;
			buildConfigurations = (
				F82CDF781EE504C9004DC224 /* Debug */,
				F82CDF791EE504C9004DC224 /* Release */,
			);
			defaultConfigurationIsVisible = 0;
			defaultConfigurationName = Release;
		};
/* End XCConfigurationList section */

/* Begin XCVersionGroup section */
		F82CDF501EE504C8004DC224 /* FoodMates.xcdatamodeld */ = {
			isa = XCVersionGroup;
			children = (
				F82CDF511EE504C8004DC224 /* FoodMates.xcdatamodel */,
			);
			currentVersion = F82CDF511EE504C8004DC224 /* FoodMates.xcdatamodel */;
			path = FoodMates.xcdatamodeld;
			sourceTree = "<group>";
			versionGroupType = wrapper.xcdatamodel;
		};
/* End XCVersionGroup section */
	};
	rootObject = F82CDF3E1EE504C8004DC224 /* Project object */;
}
